
Microsoft Visual Studio Solution File, Format Version 12.00
# Visual Studio 15
VisualStudioVersion = 15.0.28307.102
MinimumVisualStudioVersion = 10.0.40219.1
Project("{9A19103F-16F7-4668-BE54-9A1E7A4F7556}") = "Eshop", "Eshop\Eshop.csproj", "{D004A074-D9E5-452D-A8E4-306449090B2D}"
EndProject
Project("{9A19103F-16F7-4668-BE54-9A1E7A4F7556}") = "NUnitTestProject", "NUnitTestProject\NUnitTestProject.csproj", "{FC4E59AF-CEF3-4186-9E91-AF5182F6C670}"
EndProject
Global
	GlobalSection(SolutionConfigurationPlatforms) = preSolution
		Debug|Any CPU = Debug|Any CPU
		Release|Any CPU = Release|Any CPU
	EndGlobalSection
	GlobalSection(ProjectConfigurationPlatforms) = postSolution
		{D004A074-D9E5-452D-A8E4-306449090B2D}.Debug|Any CPU.ActiveCfg = Debug|Any CPU
		{D004A074-D9E5-452D-A8E4-306449090B2D}.Debug|Any CPU.Build.0 = Debug|Any CPU
		{D004A074-D9E5-452D-A8E4-306449090B2D}.Release|Any CPU.ActiveCfg = Release|Any CPU
		{D004A074-D9E5-452D-A8E4-306449090B2D}.Release|Any CPU.Build.0 = Release|Any CPU
		{FC4E59AF-CEF3-4186-9E91-AF5182F6C670}.Debug|Any CPU.ActiveCfg = Debug|Any CPU
		{FC4E59AF-CEF3-4186-9E91-AF5182F6C670}.Debug|Any CPU.Build.0 = Debug|Any CPU
		{FC4E59AF-CEF3-4186-9E91-AF5182F6C670}.Release|Any CPU.ActiveCfg = Release|Any CPU
		{FC4E59AF-CEF3-4186-9E91-AF5182F6C670}.Release|Any CPU.Build.0 = Release|Any CPU
	EndGlobalSection
	GlobalSection(SolutionProperties) = preSolution
		HideSolutionNode = FALSE
	EndGlobalSection
	GlobalSection(ExtensibilityGlobals) = postSolution
		SolutionGuid = {29B410F9-EA65-4464-A2E3-11F8F2E111D7}
	EndGlobalSection
EndGlobal
